github.com/luthfyhakim/go-say-hello v1.0.0 h1:xmUM2VGRrhC5CcNUxWjU3Oo+xhklaVCCG/Fpx6vOwT0=
github.com/luthfyhakim/go-say-hello v1.0.0/go.mod h1:EahMU8mToZizLwIyV3WUFv2yU39hI+S8VUM0S4NVzIc=
github.com/luthfyhakim/go-say-hello v1.1.0 h1:E1IBDxEQ80kddBCmHGiOBQTNas6NntmhWrXlqBtudgw=
github.com/luthfyhakim/go-say-hello v1.1.0/go.mod h1:EahMU8mToZizLwIyV3WUFv2yU39hI+S8VUM0S4NVzIc=
